
Microsoft Visual Studio Solution File, Format Version 12.00
# Visual Studio 14
VisualStudioVersion = 14.0.25420.1
MinimumVisualStudioVersion = 10.0.40219.1
Project("{FAE04EC0-301F-11D3-BF4B-00C04F79EFBC}") = "Teht01", "Teht01\Teht01.csproj", "{5FFF0164-884E-424A-B797-651FC38BA532}"
EndProject
Project("{FAE04EC0-301F-11D3-BF4B-00C04F79EFBC}") = "PersonApplication", "PersonApplication\PersonApplication.csproj", "{8671996F-8631-412C-8FC2-F79FEB70ADA6}"
EndProject
Project("{FAE04EC0-301F-11D3-BF4B-00C04F79EFBC}") = "Teht02", "Teht02\Teht02.csproj", "{7213C6CF-3A60-4967-A13D-A835A375158E}"
EndProject
Project("{FAE04EC0-301F-11D3-BF4B-00C04F79EFBC}") = "Teht03", "Teht03\Teht03.csproj", "{C8B517B1-CA56-482A-9A76-1A03B5B23EDF}"
EndProject
Project("{FAE04EC0-301F-11D3-BF4B-00C04F79EFBC}") = "Teht04", "Teht04\Teht04.csproj", "{75ABA085-A28C-4E6F-8512-D475A82927D3}"
EndProject
Project("{FAE04EC0-301F-11D3-BF4B-00C04F79EFBC}") = "Teht05", "Teht05\Teht05.csproj", "{FBD2D0C4-06A0-48BF-A5B6-1D883F8835D6}"
EndProject
Project("{FAE04EC0-301F-11D3-BF4B-00C04F79EFBC}") = "Teht07", "Teht07\Teht07.csproj", "{3A29E433-E406-45D4-A7E0-13817554F2F9}"
EndProject
Global
	GlobalSection(SolutionConfigurationPlatforms) = preSolution
		Debug|Any CPU = Debug|Any CPU
		Release|Any CPU = Release|Any CPU
	EndGlobalSection
	GlobalSection(ProjectConfigurationPlatforms) = postSolution
		{5FFF0164-884E-424A-B797-651FC38BA532}.Debug|Any CPU.ActiveCfg = Debug|Any CPU
		{5FFF0164-884E-424A-B797-651FC38BA532}.Debug|Any CPU.Build.0 = Debug|Any CPU
		{5FFF0164-884E-424A-B797-651FC38BA532}.Release|Any CPU.ActiveCfg = Release|Any CPU
		{5FFF0164-884E-424A-B797-651FC38BA532}.Release|Any CPU.Build.0 = Release|Any CPU
		{8671996F-8631-412C-8FC2-F79FEB70ADA6}.Debug|Any CPU.ActiveCfg = Debug|Any CPU
		{8671996F-8631-412C-8FC2-F79FEB70ADA6}.Debug|Any CPU.Build.0 = Debug|Any CPU
		{8671996F-8631-412C-8FC2-F79FEB70ADA6}.Release|Any CPU.ActiveCfg = Release|Any CPU
		{8671996F-8631-412C-8FC2-F79FEB70ADA6}.Release|Any CPU.Build.0 = Release|Any CPU
		{7213C6CF-3A60-4967-A13D-A835A375158E}.Debug|Any CPU.ActiveCfg = Debug|Any CPU
		{7213C6CF-3A60-4967-A13D-A835A375158E}.Debug|Any CPU.Build.0 = Debug|Any CPU
		{7213C6CF-3A60-4967-A13D-A835A375158E}.Release|Any CPU.ActiveCfg = Release|Any CPU
		{7213C6CF-3A60-4967-A13D-A835A375158E}.Release|Any CPU.Build.0 = Release|Any CPU
		{C8B517B1-CA56-482A-9A76-1A03B5B23EDF}.Debug|Any CPU.ActiveCfg = Debug|Any CPU
		{C8B517B1-CA56-482A-9A76-1A03B5B23EDF}.Debug|Any CPU.Build.0 = Debug|Any CPU
		{C8B517B1-CA56-482A-9A76-1A03B5B23EDF}.Release|Any CPU.ActiveCfg = Release|Any CPU
		{C8B517B1-CA56-482A-9A76-1A03B5B23EDF}.Release|Any CPU.Build.0 = Release|Any CPU
		{75ABA085-A28C-4E6F-8512-D475A82927D3}.Debug|Any CPU.ActiveCfg = Debug|Any CPU
		{75ABA085-A28C-4E6F-8512-D475A82927D3}.Debug|Any CPU.Build.0 = Debug|Any CPU
		{75ABA085-A28C-4E6F-8512-D475A82927D3}.Release|Any CPU.ActiveCfg = Release|Any CPU
		{75ABA085-A28C-4E6F-8512-D475A82927D3}.Release|Any CPU.Build.0 = Release|Any CPU
		{FBD2D0C4-06A0-48BF-A5B6-1D883F8835D6}.Debug|Any CPU.ActiveCfg = Debug|Any CPU
		{FBD2D0C4-06A0-48BF-A5B6-1D883F8835D6}.Debug|Any CPU.Build.0 = Debug|Any CPU
		{FBD2D0C4-06A0-48BF-A5B6-1D883F8835D6}.Release|Any CPU.ActiveCfg = Release|Any CPU
		{FBD2D0C4-06A0-48BF-A5B6-1D883F8835D6}.Release|Any CPU.Build.0 = Release|Any CPU
		{3A29E433-E406-45D4-A7E0-13817554F2F9}.Debug|Any CPU.ActiveCfg = Debug|Any CPU
		{3A29E433-E406-45D4-A7E0-13817554F2F9}.Debug|Any CPU.Build.0 = Debug|Any CPU
		{3A29E433-E406-45D4-A7E0-13817554F2F9}.Release|Any CPU.ActiveCfg = Release|Any CPU
		{3A29E433-E406-45D4-A7E0-13817554F2F9}.Release|Any CPU.Build.0 = Release|Any CPU
	EndGlobalSection
	GlobalSection(SolutionProperties) = preSolution
		HideSolutionNode = FALSE
	EndGlobalSection
EndGlobal
